schema: '2.0'
stages:
  preprocess:
    cmd: python -m vehicle_emissions.preprocessing.clean_data --full
    deps:
    - path: data/raw/data_2024.csv
      hash: md5
      md5: 697b092dae882fac5e828bd74c6b6988
      size: 2581827681
      isexec: true
    - path: src/vehicle_emissions/preprocessing/clean_data.py
      hash: md5
      md5: 9da689730ea90310f039f21762aaf30d
      size: 24824
    outs:
    - path: data/processed/data_2024_cleaned.csv
      hash: md5
      md5: 8a3ba532f735b4a408c1335cdc7a408f
      size: 2508462960
  feature_engineering:
    cmd: python -m vehicle_emissions.features.build_features --full
    deps:
    - path: data/processed/data_2024_cleaned.csv
      hash: md5
      md5: 8a3ba532f735b4a408c1335cdc7a408f
      size: 2508462960
    - path: src/vehicle_emissions/features/build_features.py
      hash: md5
      md5: f99dba670bcb8fb18617a4604738e1e3
      size: 16078
    outs:
    - path: data/interim/data_2024_features.csv
      hash: md5
      md5: c5906b6585c3fd87c6b0331503127e38
      size: 1022826871
  train_test_preprocessing:
    cmd: python -m vehicle_emissions.preprocessing.train_test_preprocessing 
      --full
    deps:
    - path: data/interim/data_2024_features.csv
      hash: md5
      md5: c5906b6585c3fd87c6b0331503127e38
      size: 1022826871
    - path: src/vehicle_emissions/preprocessing/train_test_preprocessing.py
      hash: md5
      md5: 674048abb070ee3f2c3877e37ebb3e81
      size: 46390
    outs:
    - path: data/processed/X_test_processed.parquet
      hash: md5
      md5: 5580589f0d89d1e307711820e40c7729
      size: 35973677
    - path: data/processed/X_train_processed.parquet
      hash: md5
      md5: 85bb306609dbe2bb3108a3ff1369d055
      size: 143418163
    - path: data/processed/y_test.parquet
      hash: md5
      md5: 151b449ff38dd0ee1399e91ee63dbe6e
      size: 14343896
    - path: data/processed/y_train.parquet
      hash: md5
      md5: b149843451bb5c25ab4d7a28905b039c
      size: 57209276
    - path: models/preprocessing/imputation_values.joblib
      hash: md5
      md5: c625df30ac6f634f13a9f65b23616a0f
      size: 440
    - path: models/preprocessing/onehot_encoder.joblib
      hash: md5
      md5: 07a12f21b9341fdd01b9fc138332c53a
      size: 1549
    - path: models/preprocessing/preprocessing_metadata.json
      hash: md5
      md5: c4b420b08532cb62d0d2fd7aa6d193e3
      size: 5048
    - path: models/preprocessing/standard_scaler.joblib
      hash: md5
      md5: 868b8f129668e44f48d03c005e7302a0
      size: 1303
  train_regression_model:
    cmd: python -m vehicle_emissions.training.train_regression_model --full
    deps:
    - path: data/processed/X_test_processed.parquet
      hash: md5
      md5: f6ec545f5112c443be488441abf9d156
      size: 38188098
    - path: data/processed/X_train_processed.parquet
      hash: md5
      md5: 2c6996a4b7888c48a198e03d4cbcc5e2
      size: 152257662
    - path: data/processed/y_test.parquet
      hash: md5
      md5: 151b449ff38dd0ee1399e91ee63dbe6e
      size: 14343896
    - path: data/processed/y_train.parquet
      hash: md5
      md5: b149843451bb5c25ab4d7a28905b039c
      size: 57209276
    - path: models/metadata/random_forest_regression_metadata.json
      hash: md5
      md5: e9959f3b77110a7610ede571221d5847
      size: 744
    - path: src/vehicle_emissions/training/train_regression_model.py
      hash: md5
      md5: dbf7f5659d8bf2768fb2e9d3657d1c40
      size: 20791
    outs:
    - path: models/trained/random_forest_regressor.joblib
      hash: md5
      md5: 3289b51dbc0989c025e0db75e2c63bb2
      size: 362994747
    - path: models/trained/random_forest_regressor_training_metadata.json
      hash: md5
      md5: 1890e2c020868dcfb6802394c53574c2
      size: 775
  train_classification_model:
    cmd: python -m vehicle_emissions.training.train_classification_model --full
    deps:
    - path: data/processed/X_test_processed.parquet
      hash: md5
      md5: f6ec545f5112c443be488441abf9d156
      size: 38188098
    - path: data/processed/X_train_processed.parquet
      hash: md5
      md5: 2c6996a4b7888c48a198e03d4cbcc5e2
      size: 152257662
    - path: data/processed/y_test.parquet
      hash: md5
      md5: 151b449ff38dd0ee1399e91ee63dbe6e
      size: 14343896
    - path: data/processed/y_train.parquet
      hash: md5
      md5: b149843451bb5c25ab4d7a28905b039c
      size: 57209276
    - path: models/metadata/random_forest_classification_metadata.json
      hash: md5
      md5: 1148aa9c71aea307848c0cc7c2271f3c
      size: 1640
    - path: src/vehicle_emissions/training/train_classification_model.py
      hash: md5
      md5: de2ccc87f6ab680e7e0769e4b255ee74
      size: 25689
    outs:
    - path: models/trained/random_forest_classifier.joblib
      hash: md5
      md5: 7c4ca62b85bf95930a35d977ec02ef11
      size: 80843721
    - path: models/trained/random_forest_classifier_training_metadata.json
      hash: md5
      md5: c120bba728bec22efd9ed6b4d702c973
      size: 1689
