schema: '2.0'
stages:
  preprocess:
    cmd: python -m vehicle_emissions.preprocessing.clean_data --full
    deps:
    - path: data/raw/data_2024.csv
      hash: md5
      md5: 697b092dae882fac5e828bd74c6b6988
      size: 2581827681
      isexec: true
    - path: src/vehicle_emissions/preprocessing/clean_data.py
      hash: md5
      md5: b185268672cac791b88b4003cb3bcde1
      size: 10608
    outs:
    - path: data/processed/data_2024_cleaned.csv
      hash: md5
      md5: c432b6b9d0fc02cb41e148f2d44ab836
      size: 2510339919
  feature_engineering:
    cmd: python -m vehicle_emissions.features.build_features --full
    deps:
    - path: data/processed/data_2024_cleaned.csv
      hash: md5
      md5: c432b6b9d0fc02cb41e148f2d44ab836
      size: 2510339919
    - path: src/vehicle_emissions/features/build_features.py
      hash: md5
      md5: c0bb78fcba55bf70d45019483fc096b5
      size: 15389
    outs:
    - path: data/interim/data_2024_features.csv
      hash: md5
      md5: 34d520b15bd788b6eb8b731bdd4658f9
      size: 1024703830
