schema: '2.0'
stages:
  preprocess:
    cmd: python -m vehicle_emissions.preprocessing.clean_data --full
    deps:
    - path: data/raw/data_2024.csv
      hash: md5
      md5: 697b092dae882fac5e828bd74c6b6988
      size: 2581827681
      isexec: true
    - path: src/vehicle_emissions/preprocessing/clean_data.py
      hash: md5
      md5: b185268672cac791b88b4003cb3bcde1
      size: 10608
    outs:
    - path: data/processed/data_2024_cleaned.csv
      hash: md5
      md5: c432b6b9d0fc02cb41e148f2d44ab836
      size: 2510339919
  feature_engineering:
    cmd: python -m vehicle_emissions.features.build_features --full
    deps:
    - path: data/processed/data_2024_cleaned.csv
      hash: md5
      md5: c432b6b9d0fc02cb41e148f2d44ab836
      size: 2510339919
    - path: src/vehicle_emissions/features/build_features.py
      hash: md5
      md5: c0bb78fcba55bf70d45019483fc096b5
      size: 15389
    outs:
    - path: data/interim/data_2024_features.csv
      hash: md5
      md5: 34d520b15bd788b6eb8b731bdd4658f9
      size: 1024703830
  train_test_preprocessing:
    cmd: python -m vehicle_emissions.preprocessing.train_test_preprocessing 
      --full
    deps:
    - path: data/interim/data_2024_features.csv
      hash: md5
      md5: 34d520b15bd788b6eb8b731bdd4658f9
      size: 1024703830
    - path: src/vehicle_emissions/preprocessing/train_test_preprocessing.py
      hash: md5
      md5: 38270530ef782daf70ba9920917b8126
      size: 38007
    outs:
    - path: data/processed/X_test_processed.parquet
      hash: md5
      md5: f6ec545f5112c443be488441abf9d156
      size: 38188098
    - path: data/processed/X_train_processed.parquet
      hash: md5
      md5: 2c6996a4b7888c48a198e03d4cbcc5e2
      size: 152257662
    - path: data/processed/y_test.parquet
      hash: md5
      md5: 151b449ff38dd0ee1399e91ee63dbe6e
      size: 14343896
    - path: data/processed/y_train.parquet
      hash: md5
      md5: b149843451bb5c25ab4d7a28905b039c
      size: 57209276
    - path: models/preprocessing/imputation_values.joblib
      hash: md5
      md5: 2d5c02eea1d95a3cb1ecfc9b21e6164b
      size: 304
    - path: models/preprocessing/manufacturer_frequency_map.joblib
      hash: md5
      md5: 21690545301317625d0383d0cb3c1487
      size: 18693
    - path: models/preprocessing/onehot_encoder.joblib
      hash: md5
      md5: 1bc80b5ffa82fa270dbfb69cbb85508f
      size: 1582
    - path: models/preprocessing/preprocessing_metadata.json
      hash: md5
      md5: 64a8c8e325246675e8015b27e1e56269
      size: 3951
    - path: models/preprocessing/standard_scaler.joblib
      hash: md5
      md5: a6dc46a5e4b17ba21ee3695737237cf4
      size: 1343
  train_regression_model:
    cmd: python -m vehicle_emissions.training.train_regression_model --full
    deps:
    - path: data/processed/X_test_processed.parquet
      hash: md5
      md5: f6ec545f5112c443be488441abf9d156
      size: 38188098
    - path: data/processed/X_train_processed.parquet
      hash: md5
      md5: 2c6996a4b7888c48a198e03d4cbcc5e2
      size: 152257662
    - path: data/processed/y_test.parquet
      hash: md5
      md5: 151b449ff38dd0ee1399e91ee63dbe6e
      size: 14343896
    - path: data/processed/y_train.parquet
      hash: md5
      md5: b149843451bb5c25ab4d7a28905b039c
      size: 57209276
    - path: models/metadata/random_forest_regression_metadata.json
      hash: md5
      md5: e9959f3b77110a7610ede571221d5847
      size: 744
    - path: src/vehicle_emissions/training/train_regression_model.py
      hash: md5
      md5: dbf7f5659d8bf2768fb2e9d3657d1c40
      size: 20791
    outs:
    - path: models/trained/random_forest_regressor.joblib
      hash: md5
      md5: 3289b51dbc0989c025e0db75e2c63bb2
      size: 362994747
    - path: models/trained/random_forest_regressor_training_metadata.json
      hash: md5
      md5: 1890e2c020868dcfb6802394c53574c2
      size: 775
  train_classification_model:
    cmd: python -m vehicle_emissions.training.train_classification_model --full
    deps:
    - path: data/processed/X_test_processed.parquet
      hash: md5
      md5: f6ec545f5112c443be488441abf9d156
      size: 38188098
    - path: data/processed/X_train_processed.parquet
      hash: md5
      md5: 2c6996a4b7888c48a198e03d4cbcc5e2
      size: 152257662
    - path: data/processed/y_test.parquet
      hash: md5
      md5: 151b449ff38dd0ee1399e91ee63dbe6e
      size: 14343896
    - path: data/processed/y_train.parquet
      hash: md5
      md5: b149843451bb5c25ab4d7a28905b039c
      size: 57209276
    - path: models/metadata/random_forest_classification_metadata.json
      hash: md5
      md5: 1148aa9c71aea307848c0cc7c2271f3c
      size: 1640
    - path: src/vehicle_emissions/training/train_classification_model.py
      hash: md5
      md5: de2ccc87f6ab680e7e0769e4b255ee74
      size: 25689
    outs:
    - path: models/trained/random_forest_classifier.joblib
      hash: md5
      md5: 7c4ca62b85bf95930a35d977ec02ef11
      size: 80843721
    - path: models/trained/random_forest_classifier_training_metadata.json
      hash: md5
      md5: c120bba728bec22efd9ed6b4d702c973
      size: 1689
